{
  "name": "lofipi-mpv",
  "version": "1.0.0",
  "lockfileVersion": 2,
  "requires": true,
  "packages": {
    "": {
      "name": "lofipi-mpv",
      "version": "1.0.0",
      "license": "WTFPLv2",
      "dependencies": {
        "ini": "^3.0.0",
        "keypress": "^0.2.1",
        "node-mpv": "^2.0.0-beta.2",
        "pigpio-client": "^1.5.2",
        "random": "^3.0.6",
        "seedrandom": "^3.0.5"
      }
    },
    "node_modules/ini": {
      "version": "3.0.0",
      "resolved": "https://registry.npmjs.org/ini/-/ini-3.0.0.tgz",
      "integrity": "sha512-TxYQaeNW/N8ymDvwAxPyRbhMBtnEwuvaTYpOQkFx1nSeusgezHniEc/l35Vo4iCq/mMiTJbpD7oYxN98hFlfmw==",
      "engines": {
        "node": "^12.13.0 || ^14.15.0 || >=16.0.0"
      }
    },
    "node_modules/keypress": {
      "version": "0.2.1",
      "license": "MIT"
    },
    "node_modules/node-mpv": {
      "version": "2.0.0-beta.2",
      "resolved": "https://registry.npmjs.org/node-mpv/-/node-mpv-2.0.0-beta.2.tgz",
      "integrity": "sha512-jf1InAB6tSXYlLs53DSw7ZEGCAhuWibILMF8GU6FmX6jXvkScLfGa9B7nmrIidG8euDpi3hdnUht0PqrHlAbXA=="
    },
    "node_modules/pigpio-client": {
      "version": "1.5.2",
      "resolved": "https://registry.npmjs.org/pigpio-client/-/pigpio-client-1.5.2.tgz",
      "integrity": "sha512-s2NIPsbQRybxdcTJjjtmYvptd+pXqVX4pLHLxUaoMqmyrYS8kf3vKKQoMV/FTQ3PbtuWR5Tll+YAxJLU8EJYow=="
    },
    "node_modules/random": {
      "version": "3.0.6",
      "license": "MIT",
      "dependencies": {
        "seedrandom": "^3.0.5"
      },
      "engines": {
        "node": ">=10"
      }
    },
    "node_modules/seedrandom": {
      "version": "3.0.5",
      "license": "MIT"
    }
  },
  "dependencies": {
    "ini": {
      "version": "3.0.0",
      "resolved": "https://registry.npmjs.org/ini/-/ini-3.0.0.tgz",
      "integrity": "sha512-TxYQaeNW/N8ymDvwAxPyRbhMBtnEwuvaTYpOQkFx1nSeusgezHniEc/l35Vo4iCq/mMiTJbpD7oYxN98hFlfmw=="
    },
    "keypress": {
      "version": "0.2.1"
    },
    "node-mpv": {
      "version": "2.0.0-beta.2",
      "resolved": "https://registry.npmjs.org/node-mpv/-/node-mpv-2.0.0-beta.2.tgz",
      "integrity": "sha512-jf1InAB6tSXYlLs53DSw7ZEGCAhuWibILMF8GU6FmX6jXvkScLfGa9B7nmrIidG8euDpi3hdnUht0PqrHlAbXA=="
    },
    "pigpio-client": {
      "version": "1.5.2",
      "resolved": "https://registry.npmjs.org/pigpio-client/-/pigpio-client-1.5.2.tgz",
      "integrity": "sha512-s2NIPsbQRybxdcTJjjtmYvptd+pXqVX4pLHLxUaoMqmyrYS8kf3vKKQoMV/FTQ3PbtuWR5Tll+YAxJLU8EJYow=="
    },
    "random": {
      "version": "3.0.6",
      "requires": {
        "seedrandom": "^3.0.5"
      }
    },
    "seedrandom": {
      "version": "3.0.5"
    }
  }
}
